
Microsoft Visual Studio Solution File, Format Version 12.00
# Visual Studio Version 16
VisualStudioVersion = 16.0.808.3
MinimumVisualStudioVersion = 10.0.40219.1
Project("{FAE04EC0-301F-11D3-BF4B-00C04F79EFBC}") = "mono", "mono.csproj", "{93D9BA34-3F85-455A-8C05-6D105794951E}"
EndProject
Global
	GlobalSection(SolutionConfigurationPlatforms) = preSolution
		Debug|Any CPU = Debug|Any CPU
		Release|Any CPU = Release|Any CPU
	EndGlobalSection
	GlobalSection(ProjectConfigurationPlatforms) = postSolution
		{93D9BA34-3F85-455A-8C05-6D105794951E}.Debug|Any CPU.ActiveCfg = Debug|Any CPU
		{93D9BA34-3F85-455A-8C05-6D105794951E}.Debug|Any CPU.Build.0 = Debug|Any CPU
		{93D9BA34-3F85-455A-8C05-6D105794951E}.Release|Any CPU.ActiveCfg = Release|Any CPU
		{93D9BA34-3F85-455A-8C05-6D105794951E}.Release|Any CPU.Build.0 = Release|Any CPU
	EndGlobalSection
	GlobalSection(SolutionProperties) = preSolution
		HideSolutionNode = FALSE
	EndGlobalSection
	GlobalSection(ExtensibilityGlobals) = postSolution
		SolutionGuid = {B60D6B15-DAB6-42AF-A2FB-20C6D4B4B1DC}
	EndGlobalSection
EndGlobal
