{
  "name": "ts-hello-world-lambda",
  "lockfileVersion": 2,
  "requires": true,
  "packages": {
    "": {
      "name": "ts-hello-world-lambda",
      "dependencies": {
        "@types/node": "^14.14.13"
      }
    },
    "node_modules/@types/node": {
      "version": "14.14.13",
      "resolved": "https://registry.npmjs.org/@types/node/-/node-14.14.13.tgz",
      "integrity": "sha512-vbxr0VZ8exFMMAjCW8rJwaya0dMCDyYW2ZRdTyjtrCvJoENMpdUHOT/eTzvgyA5ZnqRZ/sI0NwqAxNHKYokLJQ=="
    }
  },
  "dependencies": {
    "@types/node": {
      "version": "14.14.13",
      "resolved": "https://registry.npmjs.org/@types/node/-/node-14.14.13.tgz",
      "integrity": "sha512-vbxr0VZ8exFMMAjCW8rJwaya0dMCDyYW2ZRdTyjtrCvJoENMpdUHOT/eTzvgyA5ZnqRZ/sI0NwqAxNHKYokLJQ=="
    }
  }
}
